{
  "requires": true,
  "lockfileVersion": 1,
  "dependencies": {
    "adler-32": {
      "version": "1.1.0",
      "resolved": "https://registry.npmjs.org/adler-32/-/adler-32-1.1.0.tgz",
      "integrity": "sha1-A1UaXH8O371PyPoSpoFJeOq2UcM=",
      "requires": {
        "exit-on-epipe": "~1.0.1",
        "printj": "~1.1.0"
      }
    },
    "best-globals": {
      "version": "0.10.10",
      "resolved": "https://registry.npmjs.org/best-globals/-/best-globals-0.10.10.tgz",
      "integrity": "sha512-xYtEJnYJXz6BzEvHleCmoe9C4s9TzHtVdBN+HdRBPoW2l1h6lSk9dgrqSnilPkzMIeuobwLJ+zOgGt5zvWcbwQ=="
    },
    "cfb": {
      "version": "1.0.8",
      "resolved": "https://registry.npmjs.org/cfb/-/cfb-1.0.8.tgz",
      "integrity": "sha1-d/ITST1pfXVP2cD1UR6rWtctAs8=",
      "requires": {
        "commander": "^2.14.1",
        "printj": "~1.1.2"
      },
      "dependencies": {
        "commander": {
          "version": "2.19.0",
          "resolved": "https://registry.npmjs.org/commander/-/commander-2.19.0.tgz",
          "integrity": "sha512-6tvAOO+D6OENvRAh524Dh9jcfKTYDQAqvqezbCW82xj5X0pSrcpxtvRKHLG0yBY6SD7PSDrJaj+0AiOcKVd1Xg=="
        }
      }
    },
    "codenautas-xlsx": {
      "version": "0.11.12",
      "resolved": "https://registry.npmjs.org/codenautas-xlsx/-/codenautas-xlsx-0.11.12.tgz",
      "integrity": "sha512-9PcE3yxXknFnx86tS8Az5HxnNgbqV8I9RUYT1O+eqqCs7znNB98ERUYYQn8TzaFvNQ4TVoCNMy+2aFt1CJYSLQ==",
      "requires": {
        "adler-32": "~1.1.0",
        "cfb": "~1.0.0",
        "codepage": "~1.11.0",
        "commander": "~2.11.0",
        "crc-32": "~1.1.1",
        "exit-on-epipe": "~1.0.1",
        "ssf": "~0.10.1"
      }
    },
    "codepage": {
      "version": "1.11.1",
      "resolved": "https://registry.npmjs.org/codepage/-/codepage-1.11.1.tgz",
      "integrity": "sha1-hkcjl+pbLNuwe3cBalEkd6PLiCM=",
      "requires": {
        "commander": "~2.11.0",
        "exit-on-epipe": "~1.0.1",
        "voc": "~1.0.0"
      }
    },
    "commander": {
      "version": "2.11.0",
      "resolved": "https://registry.npmjs.org/commander/-/commander-2.11.0.tgz",
      "integrity": "sha512-b0553uYA5YAEGgyYIGYROzKQ7X5RAqedkfjiZxwi0kL1g3bOaBNNZfYkzt/CL0umgD5wc9Jec2FbB98CjkMRvQ=="
    },
    "crc-32": {
      "version": "1.1.1",
      "resolved": "https://registry.npmjs.org/crc-32/-/crc-32-1.1.1.tgz",
      "integrity": "sha1-XXOdXkxuNSrYME1zIj1IP+Va240=",
      "requires": {
        "exit-on-epipe": "~1.0.1",
        "printj": "~1.1.0"
      }
    },
    "datatables.net": {
      "version": "1.10.19",
      "resolved": "https://registry.npmjs.org/datatables.net/-/datatables.net-1.10.19.tgz",
      "integrity": "sha512-+ljXcI6Pj3PTGy5pesp3E5Dr3x3AV45EZe0o1r0gKENN2gafBKXodVnk2ypKwl2tTmivjxbkiqoWnipTefyBTA==",
      "requires": {
        "jquery": ">=1.7"
      }
    },
    "datatables.net-dt": {
      "version": "1.10.19",
      "resolved": "https://registry.npmjs.org/datatables.net-dt/-/datatables.net-dt-1.10.19.tgz",
      "integrity": "sha512-joFHYjLYvr9VnC9Fx3e+8jtXnQ/fP/mPFWt9p0NhZ3Zm5N0jlYyWhJQbnLkihOLuDcDFMaGdBQSvmIdTVdgGyw==",
      "requires": {
        "datatables.net": "1.10.19",
        "jquery": ">=1.7"
      }
    },
    "exit-on-epipe": {
      "version": "1.0.1",
      "resolved": "https://registry.npmjs.org/exit-on-epipe/-/exit-on-epipe-1.0.1.tgz",
      "integrity": "sha512-h2z5mrROTxce56S+pnvAV890uu7ls7f1kEvVGJbw1OlFH3/mlJ5bkXu0KRyW94v37zzHPiUd55iLn3DA7TjWpw=="
    },
    "file-saver": {
      "version": "2.0.0",
      "resolved": "https://registry.npmjs.org/file-saver/-/file-saver-2.0.0.tgz",
      "integrity": "sha512-cYM1ic5DAkg25pHKgi5f10ziAM7RJU37gaH1XQlyNDrtUnzhC/dfoV9zf2OmF0RMKi42jG5B0JWBnPQqyj/G6g=="
    },
    "frac": {
      "version": "1.1.2",
      "resolved": "https://registry.npmjs.org/frac/-/frac-1.1.2.tgz",
      "integrity": "sha512-w/XBfkibaTl3YDqASwfDUqkna4Z2p9cFSr1aHDt0WoMTECnRfBOv2WArlZILlqgWlmdIlALXGpM2AOhEk5W3IA=="
    },
    "jquery": {
      "version": "3.3.1",
      "resolved": "https://registry.npmjs.org/jquery/-/jquery-3.3.1.tgz",
      "integrity": "sha512-Ubldcmxp5np52/ENotGxlLe6aGMvmF4R8S6tZjsP6Knsaxd/xp3Zrh50cG93lR6nPXyUFwzN3ZSOQI0wRJNdGg=="
    },
    "js-to-html": {
      "version": "1.0.4",
      "resolved": "https://registry.npmjs.org/js-to-html/-/js-to-html-1.0.4.tgz",
      "integrity": "sha512-msJJBHh4SbofXz74X9n30t1DcRBdOPwtiv3WoQzaqUPoOnD4q0+mjCo2TBRVKOPhxtK0HrXySwHqe6bcxLlIeA=="
    },
    "like-ar": {
      "version": "0.2.9",
      "resolved": "https://registry.npmjs.org/like-ar/-/like-ar-0.2.9.tgz",
      "integrity": "sha512-IGJtfY9WfWL14STtCx87ljWw/ewOSauA0kAZYB/HRjyiKgROn68TC9eabm3HwlEobzP/Gi4Mr4rUMYQH4m+avw=="
    },
    "printj": {
      "version": "1.1.2",
      "resolved": "https://registry.npmjs.org/printj/-/printj-1.1.2.tgz",
      "integrity": "sha512-zA2SmoLaxZyArQTOPj5LXecR+RagfPSU5Kw1qP+jkWeNlrq+eJZyY2oS68SU1Z/7/myXM4lo9716laOFAVStCQ=="
    },
    "ssf": {
      "version": "0.10.2",
      "resolved": "https://registry.npmjs.org/ssf/-/ssf-0.10.2.tgz",
      "integrity": "sha512-rDhAPm9WyIsY8eZEKyE8Qsotb3j/wBdvMWBUsOhJdfhKGLfQidRjiBUV0y/MkyCLiXQ38FG6LWW/VYUtqlIDZQ==",
      "requires": {
        "frac": "~1.1.2"
      }
    },
    "tabulator": {
      "version": "0.2.40",
      "resolved": "https://registry.npmjs.org/tabulator/-/tabulator-0.2.40.tgz",
      "integrity": "sha512-62i/Vgnf55xPRaNd9xnGajMvul0GtZK1khud4Vv6f4EllkKYIvN3CDB5+jquyVMIqi0aBlThjgYZ6zm4BnRvIA==",
      "requires": {
        "best-globals": "~0.10.10",
        "codenautas-xlsx": "0.11.12",
        "file-saver": "~2.0.0",
        "js-to-html": "~1.0.4",
        "like-ar": "~0.2.9"
      }
    },
    "voc": {
      "version": "1.0.0",
      "resolved": "https://registry.npmjs.org/voc/-/voc-1.0.0.tgz",
      "integrity": "sha512-mQwxWlK+zosxxDTqiFb9ZQBNgd794scgkhVwca7h9sEhvA52f3VzbOK+TOWeS8eSrFXnfuKrxElSPc5oLAetfw=="
    }
  }
}
